// !$*UTF8*$!
{
	archiveVersion = 1;
	classes = {
	};
	objectVersion = 55;
	objects = {

/* Begin PBXBuildFile section */
		FC188AD42FC3E3D100777EA3 /* TripWeatherApp.swift in Sources */ = {isa = PBXBuildFile; fileRef = FC188AD32FC3E3D100777EA3 /* TripWeatherApp.swift */; };
		FC188AD62FC3E3D100777EA3 /* ContentView.swift in Sources */ = {isa = PBXBuildFile; fileRef = FC188AD52FC3E3D100777EA3 /* ContentView.swift */; };
		FC188AD82FC3E3D700777EA3 /* Assets.xcassets in Resources */ = {isa = PBXBuildFile; fileRef = FC188AD72FC3E3D700777EA3 /* Assets.xcassets */; };
		FC188ADB2FC3E3D700777EA3 /* Preview Assets.xcassets in Resources */ = {isa = PBXBuildFile; fileRef = FC188ADA2FC3E3D700777EA3 /* Preview Assets.xcassets */; };
		FC188AFE2FC3E40200777EA3 /* WeatherService.swift in Sources */ = {isa = PBXBuildFile; fileRef = FC188AFD2FC3E40200777EA3 /* WeatherService.swift */; };
		FC188B002FC3E41800777EA3 /* Models.swift in Sources */ = {isa = PBXBuildFile; fileRef = FC188AFF2FC3E41800777EA3 /* Models.swift */; };
		FC188B022FC3E42400777EA3 /* ShareSheet.swift in Sources */ = {isa = PBXBuildFile; fileRef = FC188B012FC3E42400777EA3 /* ShareSheet.swift */; };
/* End PBXBuildFile section */

/* Begin PBXContainerItemProxy section */
		FC188AE12FC3E3D700777EA3 /* PBXContainerItemProxy */ = {
			isa = PBXContainerItemProxy;
			containerPortal = FC188AC82FC3E3D100777EA3 /* Project object */;
			proxyType = 1;
			remoteGlobalIDString = FC188ACF2FC3E3D100777EA3;
			remoteInfo = TripWeather;
		};
		FC188AEB2FC3E3D700777EA3 /* PBXContainerItemProxy */ = {
			isa = PBXContainerItemProxy;
			containerPortal = FC188AC82FC3E3D100777EA3 /* Project object */;
			proxyType = 1;
			remoteGlobalIDString = FC188ACF2FC3E3D100777EA3;
			remoteInfo = TripWeather;
		};
/* End PBXContainerItemProxy section */

/* Begin PBXFileReference section */
		FC188AD02FC3E3D100777EA3 /* TripWeather.app */ = {isa = PBXFileReference; explicitFileType = wrapper.application; includeInIndex = 0; path = TripWeather.app; sourceTree = BUILT_PRODUCTS_DIR; };
		FC188AD32FC3E3D100777EA3 /* TripWeatherApp.swift */ = {isa = PBXFileReference; lastKnownFileType = sourcecode.swift; path = TripWeatherApp.swift; sourceTree = "<group>"; };
		FC188AD52FC3E3D100777EA3 /* ContentView.swift */ = {isa = PBXFileReference; lastKnownFileType = sourcecode.swift; path = ContentView.swift; sourceTree = "<group>"; };
		FC188AD72FC3E3D700777EA3 /* Assets.xcassets */ = {isa = PBXFileReference; lastKnownFileType = folder.assetcatalog; path = Assets.xcassets; sourceTree = "<group>"; };
		FC188ADA2FC3E3D700777EA3 /* Preview Assets.xcassets */ = {isa = PBXFileReference; lastKnownFileType = folder.assetcatalog; path = "Preview Assets.xcassets"; sourceTree = "<group>"; };
		FC188AE02FC3E3D700777EA3 /* TripWeatherTests.xctest */ = {isa = PBXFileReference; explicitFileType = wrapper.cfbundle; includeInIndex = 0; path = TripWeatherTests.xctest; sourceTree = BUILT_PRODUCTS_DIR; };
		FC188AEA2FC3E3D700777EA3 /* TripWeatherUITests.xctest */ = {isa = PBXFileReference; explicitFileType = wrapper.cfbundle; includeInIndex = 0; path = TripWeatherUITests.xctest; sourceTree = BUILT_PRODUCTS_DIR; };
		FC188AFD2FC3E40200777EA3 /* WeatherService.swift */ = {isa = PBXFileReference; lastKnownFileType = sourcecode.swift; path = WeatherService.swift; sourceTree = "<group>"; };
		FC188AFF2FC3E41800777EA3 /* Models.swift */ = {isa = PBXFileReference; lastKnownFileType = sourcecode.swift; path = Models.swift; sourceTree = "<group>"; };
		FC188B012FC3E42400777EA3 /* ShareSheet.swift */ = {isa = PBXFileReference; lastKnownFileType = sourcecode.swift; path = ShareSheet.swift; sourceTree = "<group>"; };
/* End PBXFileReference section */

/* Begin PBXFrameworksBuildPhase section */
		FC188ACD2FC3E3D100777EA3 /* Frameworks */ = {
			isa = PBXFrameworksBuildPhase;
			buildActionMask = 2147483647;
			files = (
			);
			runOnlyForDeploymentPostprocessing = 0;
		};
		FC188ADD2FC3E3D700777EA3 /* Frameworks */ = {
			isa = PBXFrameworksBuildPhase;
			buildActionMask = 2147483647;
			files = (
			);
			runOnlyForDeploymentPostprocessing = 0;
		};
		FC188AE72FC3E3D700777EA3 /* Frameworks */ = {
			isa = PBXFrameworksBuildPhase;
			buildActionMask = 2147483647;
			files = (
			);
			runOnlyForDeploymentPostprocessing = 0;
		};
/* End PBXFrameworksBuildPhase section */

/* Begin PBXGroup section */
		FC188AC72FC3E3D100777EA3 = {
			isa = PBXGroup;
			children = (
				FC188AD22FC3E3D100777EA3 /* TripWeather */,
				FC188AD12FC3E3D100777EA3 /* Products */,
			);
			sourceTree = "<group>";
		};
		FC188AD12FC3E3D100777EA3 /* Products */ = {
			isa = PBXGroup;
			children = (
				FC188AD02FC3E3D100777EA3 /* TripWeather.app */,
				FC188AE02FC3E3D700777EA3 /* TripWeatherTests.xctest */,
				FC188AEA2FC3E3D700777EA3 /* TripWeatherUITests.xctest */,
			);
			name = Products;
			sourceTree = "<group>";
		};
		FC188AD22FC3E3D100777EA3 /* TripWeather */ = {
			isa = PBXGroup;
			children = (
				FC188AFF2FC3E41800777EA3 /* Models.swift */,
				FC188B012FC3E42400777EA3 /* ShareSheet.swift */,
				FC188AFD2FC3E40200777EA3 /* WeatherService.swift */,
				FC188AD32FC3E3D100777EA3 /* TripWeatherApp.swift */,
				FC188AD52FC3E3D100777EA3 /* ContentView.swift */,
				FC188AD72FC3E3D700777EA3 /* Assets.xcassets */,
				FC188AD92FC3E3D700777EA3 /* Preview Content */,
			);
			path = TripWeather;
			sourceTree = "<group>";
		};
		FC188AD92FC3E3D700777EA3 /* Preview Content */ = {
			isa = PBXGroup;
			children = (
				FC188ADA2FC3E3D700777EA3 /* Preview Assets.xcassets */,
			);
			path = "Preview Content";
			sourceTree = "<group>";
		};
/* End PBXGroup section */

/* Begin PBXNativeTarget section */
		FC188ACF2FC3E3D100777EA3 /* TripWeather */ = {
			isa = PBXNativeTarget;
			buildConfigurationList = FC188AF42FC3E3D700777EA3 /* Build configuration list for PBXNativeTarget "TripWeather" */;
			buildPhases = (
				FC188ACC2FC3E3D100777EA3 /* Sources */,
				FC188ACD2FC3E3D100777EA3 /* Frameworks */,
				FC188ACE2FC3E3D100777EA3 /* Resources */,
			);
			buildRules = (
			);
			dependencies = (
			);
			name = TripWeather;
			productName = TripWeather;
			productReference = FC188AD02FC3E3D100777EA3 /* TripWeather.app */;
			productType = "com.apple.product-type.application";
		};
		FC188ADF2FC3E3D700777EA3 /* TripWeatherTests */ = {
			isa = PBXNativeTarget;
			buildConfigurationList = FC188AF72FC3E3D700777EA3 /* Build configuration list for PBXNativeTarget "TripWeatherTests" */;
			buildPhases = (
				FC188ADC2FC3E3D700777EA3 /* Sources */,
				FC188ADD2FC3E3D700777EA3 /* Frameworks */,
				FC188ADE2FC3E3D700777EA3 /* Resources */,
			);
			buildRules = (
			);
			dependencies = (
				FC188AE22FC3E3D700777EA3 /* PBXTargetDependency */,
			);
			name = TripWeatherTests;
			productName = TripWeatherTests;
			productReference = FC188AE02FC3E3D700777EA3 /* TripWeatherTests.xctest */;
			productType = "com.apple.product-type.bundle.unit-test";
		};
		FC188AE92FC3E3D700777EA3 /* TripWeatherUITests */ = {
			isa = PBXNativeTarget;
			buildConfigurationList = FC188AFA2FC3E3D700777EA3 /* Build configuration list for PBXNativeTarget "TripWeatherUITests" */;
			buildPhases = (
				FC188AE62FC3E3D700777EA3 /* Sources */,
				FC188AE72FC3E3D700777EA3 /* Frameworks */,
				FC188AE82FC3E3D700777EA3 /* Resources */,
			);
			buildRules = (
			);
			dependencies = (
				FC188AEC2FC3E3D700777EA3 /* PBXTargetDependency */,
			);
			name = TripWeatherUITests;
			productName = TripWeatherUITests;
			productReference = FC188AEA2FC3E3D700777EA3 /* TripWeatherUITests.xctest */;
			productType = "com.apple.product-type.bundle.ui-testing";
		};
/* End PBXNativeTarget section */

/* Begin PBXProject section */
		FC188AC82FC3E3D100777EA3 /* Project object */ = {
			isa = PBXProject;
			attributes = {
				BuildIndependentTargetsInParallel = 1;
				LastSwiftUpdateCheck = 1320;
				LastUpgradeCheck = 1320;
				TargetAttributes = {
					FC188ACF2FC3E3D100777EA3 = {
						CreatedOnToolsVersion = 13.2.1;
					};
					FC188ADF2FC3E3D700777EA3 = {
						CreatedOnToolsVersion = 13.2.1;
						TestTargetID = FC188ACF2FC3E3D100777EA3;
					};
					FC188AE92FC3E3D700777EA3 = {
						CreatedOnToolsVersion = 13.2.1;
						TestTargetID = FC188ACF2FC3E3D100777EA3;
					};
				};
			};
			buildConfigurationList = FC188ACB2FC3E3D100777EA3 /* Build configuration list for PBXProject "TripWeather" */;
			compatibilityVersion = "Xcode 13.0";
			developmentRegion = en;
			hasScannedForEncodings = 0;
			knownRegions = (
				en,
				Base,
			);
			mainGroup = FC188AC72FC3E3D100777EA3;
			productRefGroup = FC188AD12FC3E3D100777EA3 /* Products */;
			projectDirPath = "";
			projectRoot = "";
			targets = (
				FC188ACF2FC3E3D100777EA3 /* TripWeather */,
				FC188ADF2FC3E3D700777EA3 /* TripWeatherTests */,
				FC188AE92FC3E3D700777EA3 /* TripWeatherUITests */,
			);
		};
/* End PBXProject section */

/* Begin PBXResourcesBuildPhase section */
		FC188ACE2FC3E3D100777EA3 /* Resources */ = {
			isa = PBXResourcesBuildPhase;
			buildActionMask = 2147483647;
			files = (
				FC188ADB2FC3E3D700777EA3 /* Preview Assets.xcassets in Resources */,
				FC188AD82FC3E3D700777EA3 /* Assets.xcassets in Resources */,
			);
			runOnlyForDeploymentPostprocessing = 0;
		};
		FC188ADE2FC3E3D700777EA3 /* Resources */ = {
			isa = PBXResourcesBuildPhase;
			buildActionMask = 2147483647;
			files = (
			);
			runOnlyForDeploymentPostprocessing = 0;
		};
		FC188AE82FC3E3D700777EA3 /* Resources */ = {
			isa = PBXResourcesBuildPhase;
			buildActionMask = 2147483647;
			files = (
			);
			runOnlyForDeploymentPostprocessing = 0;
		};
/* End PBXResourcesBuildPhase section */

/* Begin PBXSourcesBuildPhase section */
		FC188ACC2FC3E3D100777EA3 /* Sources */ = {
			isa = PBXSourcesBuildPhase;
			buildActionMask = 2147483647;
			files = (
				FC188AD62FC3E3D100777EA3 /* ContentView.swift in Sources */,
				FC188B022FC3E42400777EA3 /* ShareSheet.swift in Sources */,
				FC188AFE2FC3E40200777EA3 /* WeatherService.swift in Sources */,
				FC188AD42FC3E3D100777EA3 /* TripWeatherApp.swift in Sources */,
				FC188B002FC3E41800777EA3 /* Models.swift in Sources */,
			);
			runOnlyForDeploymentPostprocessing = 0;
		};
		FC188ADC2FC3E3D700777EA3 /* Sources */ = {
			isa = PBXSourcesBuildPhase;
			buildActionMask = 2147483647;
			files = (
			);
			runOnlyForDeploymentPostprocessing = 0;
		};
		FC188AE62FC3E3D700777EA3 /* Sources */ = {
			isa = PBXSourcesBuildPhase;
			buildActionMask = 2147483647;
			files = (
			);
			runOnlyForDeploymentPostprocessing = 0;
		};
/* End PBXSourcesBuildPhase section */

/* Begin PBXTargetDependency section */
		FC188AE22FC3E3D700777EA3 /* PBXTargetDependency */ = {
			isa = PBXTargetDependency;
			target = FC188ACF2FC3E3D100777EA3 /* TripWeather */;
			targetProxy = FC188AE12FC3E3D700777EA3 /* PBXContainerItemProxy */;
		};
		FC188AEC2FC3E3D700777EA3 /* PBXTargetDependency */ = {
			isa = PBXTargetDependency;
			target = FC188ACF2FC3E3D100777EA3 /* TripWeather */;
			targetProxy = FC188AEB2FC3E3D700777EA3 /* PBXContainerItemProxy */;
		};
/* End PBXTargetDependency section */

/* Begin XCBuildConfiguration section */
		FC188AF22FC3E3D700777EA3 /* Debug */ = {
			isa = XCBuildConfiguration;
			buildSettings = {
				ALWAYS_SEARCH_USER_PATHS = NO;
				CLANG_ANALYZER_NONNULL = YES;
				CLANG_ANALYZER_NUMBER_OBJECT_CONVERSION = YES_AGGRESSIVE;
				CLANG_CXX_LANGUAGE_STANDARD = "gnu++17";
				CLANG_CXX_LIBRARY = "libc++";
				CLANG_ENABLE_MODULES = YES;
				CLANG_ENABLE_OBJC_ARC = YES;
				CLANG_ENABLE_OBJC_WEAK = YES;
				CLANG_WARN_BLOCK_CAPTURE_AUTORELEASING = YES;
				CLANG_WARN_BOOL_CONVERSION = YES;
				CLANG_WARN_COMMA = YES;
				CLANG_WARN_CONSTANT_CONVERSION = YES;
				CLANG_WARN_DEPRECATED_OBJC_IMPLEMENTATIONS = YES;
				CLANG_WARN_DIRECT_OBJC_ISA_USAGE = YES_ERROR;
				CLANG_WARN_DOCUMENTATION_COMMENTS = YES;
				CLANG_WARN_EMPTY_BODY = YES;
				CLANG_WARN_ENUM_CONVERSION = YES;
				CLANG_WARN_INFINITE_RECURSION = YES;
				CLANG_WARN_INT_CONVERSION = YES;
				CLANG_WARN_NON_LITERAL_NULL_CONVERSION = YES;
				CLANG_WARN_OBJC_IMPLICIT_RETAIN_SELF = YES;
				CLANG_WARN_OBJC_LITERAL_CONVERSION = YES;
				CLANG_WARN_OBJC_ROOT_CLASS = YES_ERROR;
				CLANG_WARN_QUOTED_INCLUDE_IN_FRAMEWORK_HEADER = YES;
				CLANG_WARN_RANGE_LOOP_ANALYSIS = YES;
				CLANG_WARN_STRICT_PROTOTYPES = YES;
				CLANG_WARN_SUSPICIOUS_MOVE = YES;
				CLANG_WARN_UNGUARDED_AVAILABILITY = YES_AGGRESSIVE;
				CLANG_WARN_UNREACHABLE_CODE = YES;
				CLANG_WARN__DUPLICATE_METHOD_MATCH = YES;
				COPY_PHASE_STRIP = NO;
				DEBUG_INFORMATION_FORMAT = dwarf;
				ENABLE_STRICT_OBJC_MSGSEND = YES;
				ENABLE_TESTABILITY = YES;
				GCC_C_LANGUAGE_STANDARD = gnu11;
				GCC_DYNAMIC_NO_PIC = NO;
				GCC_NO_COMMON_BLOCKS = YES;
				GCC_OPTIMIZATION_LEVEL = 0;
				GCC_PREPROCESSOR_DEFINITIONS = (
					"DEBUG=1",
					"$(inherited)",
				);
				GCC_WARN_64_TO_32_BIT_CONVERSION = YES;
				GCC_WARN_ABOUT_RETURN_TYPE = YES_ERROR;
				GCC_WARN_UNDECLARED_SELECTOR = YES;
				GCC_WARN_UNINITIALIZED_AUTOS = YES_AGGRESSIVE;
				GCC_WARN_UNUSED_FUNCTION = YES;
				GCC_WARN_UNUSED_VARIABLE = YES;
				IPHONEOS_DEPLOYMENT_TARGET = 15.2;
				MTL_ENABLE_DEBUG_INFO = INCLUDE_SOURCE;
				MTL_FAST_MATH = YES;
				ONLY_ACTIVE_ARCH = YES;
				SDKROOT = iphoneos;
				SWIFT_ACTIVE_COMPILATION_CONDITIONS = DEBUG;
				SWIFT_OPTIMIZATION_LEVEL = "-Onone";
			};
			name = Debug;
		};
		FC188AF32FC3E3D700777EA3 /* Release */ = {
			isa = XCBuildConfiguration;
			buildSettings = {
				ALWAYS_SEARCH_USER_PATHS = NO;
				CLANG_ANALYZER_NONNULL = YES;
				CLANG_ANALYZER_NUMBER_OBJECT_CONVERSION = YES_AGGRESSIVE;
				CLANG_CXX_LANGUAGE_STANDARD = "gnu++17";
				CLANG_CXX_LIBRARY = "libc++";
				CLANG_ENABLE_MODULES = YES;
				CLANG_ENABLE_OBJC_ARC = YES;
				CLANG_ENABLE_OBJC_WEAK = YES;
				CLANG_WARN_BLOCK_CAPTURE_AUTORELEASING = YES;
				CLANG_WARN_BOOL_CONVERSION = YES;
				CLANG_WARN_COMMA = YES;
				CLANG_WARN_CONSTANT_CONVERSION = YES;
				CLANG_WARN_DEPRECATED_OBJC_IMPLEMENTATIONS = YES;
				CLANG_WARN_DIRECT_OBJC_ISA_USAGE = YES_ERROR;
				CLANG_WARN_DOCUMENTATION_COMMENTS = YES;
				CLANG_WARN_EMPTY_BODY = YES;
				CLANG_WARN_ENUM_CONVERSION = YES;
				CLANG_WARN_INFINITE_RECURSION = YES;
				CLANG_WARN_INT_CONVERSION = YES;
				CLANG_WARN_NON_LITERAL_NULL_CONVERSION = YES;
				CLANG_WARN_OBJC_IMPLICIT_RETAIN_SELF = YES;
				CLANG_WARN_OBJC_LITERAL_CONVERSION = YES;
				CLANG_WARN_OBJC_ROOT_CLASS = YES_ERROR;
				CLANG_WARN_QUOTED_INCLUDE_IN_FRAMEWORK_HEADER = YES;
				CLANG_WARN_RANGE_LOOP_ANALYSIS = YES;
				CLANG_WARN_STRICT_PROTOTYPES = YES;
				CLANG_WARN_SUSPICIOUS_MOVE = YES;
				CLANG_WARN_UNGUARDED_AVAILABILITY = YES_AGGRESSIVE;
				CLANG_WARN_UNREACHABLE_CODE = YES;
				CLANG_WARN__DUPLICATE_METHOD_MATCH = YES;
				COPY_PHASE_STRIP = NO;
				DEBUG_INFORMATION_FORMAT = "dwarf-with-dsym";
				ENABLE_NS_ASSERTIONS = NO;
				ENABLE_STRICT_OBJC_MSGSEND = YES;
				GCC_C_LANGUAGE_STANDARD = gnu11;
				GCC_NO_COMMON_BLOCKS = YES;
				GCC_WARN_64_TO_32_BIT_CONVERSION = YES;
				GCC_WARN_ABOUT_RETURN_TYPE = YES_ERROR;
				GCC_WARN_UNDECLARED_SELECTOR = YES;
				GCC_WARN_UNINITIALIZED_AUTOS = YES_AGGRESSIVE;
				GCC_WARN_UNUSED_FUNCTION = YES;
				GCC_WARN_UNUSED_VARIABLE = YES;
				IPHONEOS_DEPLOYMENT_TARGET = 15.2;
				MTL_ENABLE_DEBUG_INFO = NO;
				MTL_FAST_MATH = YES;
				SDKROOT = iphoneos;
				SWIFT_COMPILATION_MODE = wholemodule;
				SWIFT_OPTIMIZATION_LEVEL = "-O";
				VALIDATE_PRODUCT = YES;
			};
			name = Release;
		};
		FC188AF52FC3E3D700777EA3 /* Debug */ = {
			isa = XCBuildConfiguration;
			buildSettings = {
				ASSETCATALOG_COMPILER_APPICON_NAME = AppIcon;
				ASSETCATALOG_COMPILER_GLOBAL_ACCENT_COLOR_NAME = AccentColor;
				CODE_SIGN_STYLE = Automatic;
				CURRENT_PROJECT_VERSION = 1;
				DEVELOPMENT_ASSET_PATHS = "\"TripWeather/Preview Content\"";
				DEVELOPMENT_TEAM = K78Q43DUKU;
				ENABLE_PREVIEWS = YES;
				GENERATE_INFOPLIST_FILE = YES;
				INFOPLIST_KEY_UIApplicationSceneManifest_Generation = YES;
				INFOPLIST_KEY_UIApplicationSupportsIndirectInputEvents = YES;
				INFOPLIST_KEY_UILaunchScreen_Generation = YES;
				INFOPLIST_KEY_UISupportedInterfaceOrientations_iPad = "UIInterfaceOrientationPortrait UIInterfaceOrientationPortraitUpsideDown UIInterfaceOrientationLandscapeLeft UIInterfaceOrientationLandscapeRight";
				INFOPLIST_KEY_UISupportedInterfaceOrientations_iPhone = "UIInterfaceOrientationPortrait UIInterfaceOrientationLandscapeLeft UIInterfaceOrientationLandscapeRight";
				LD_RUNPATH_SEARCH_PATHS = (
					"$(inherited)",
					"@executable_path/Frameworks",
				);
				MARKETING_VERSION = 1.0;
				PRODUCT_BUNDLE_IDENTIFIER = org.bitetheapple.TripWeather;
				PRODUCT_NAME = "$(TARGET_NAME)";
				SWIFT_EMIT_LOC_STRINGS = YES;
				SWIFT_VERSION = 5.0;
				TARGETED_DEVICE_FAMILY = "1,2";
			};
			name = Debug;
		};
		FC188AF62FC3E3D700777EA3 /* Release */ = {
			isa = XCBuildConfiguration;
			buildSettings = {
				ASSETCATALOG_COMPILER_APPICON_NAME = AppIcon;
				ASSETCATALOG_COMPILER_GLOBAL_ACCENT_COLOR_NAME = AccentColor;
				CODE_SIGN_STYLE = Automatic;
				CURRENT_PROJECT_VERSION = 1;
				DEVELOPMENT_ASSET_PATHS = "\"TripWeather/Preview Content\"";
				DEVELOPMENT_TEAM = K78Q43DUKU;
				ENABLE_PREVIEWS = YES;
				GENERATE_INFOPLIST_FILE = YES;
				INFOPLIST_KEY_UIApplicationSceneManifest_Generation = YES;
				INFOPLIST_KEY_UIApplicationSupportsIndirectInputEvents = YES;
				INFOPLIST_KEY_UILaunchScreen_Generation = YES;
				INFOPLIST_KEY_UISupportedInterfaceOrientations_iPad = "UIInterfaceOrientationPortrait UIInterfaceOrientationPortraitUpsideDown UIInterfaceOrientationLandscapeLeft UIInterfaceOrientationLandscapeRight";
				INFOPLIST_KEY_UISupportedInterfaceOrientations_iPhone = "UIInterfaceOrientationPortrait UIInterfaceOrientationLandscapeLeft UIInterfaceOrientationLandscapeRight";
				LD_RUNPATH_SEARCH_PATHS = (
					"$(inherited)",
					"@executable_path/Frameworks",
				);
				MARKETING_VERSION = 1.0;
				PRODUCT_BUNDLE_IDENTIFIER = org.bitetheapple.TripWeather;
				PRODUCT_NAME = "$(TARGET_NAME)";
				SWIFT_EMIT_LOC_STRINGS = YES;
				SWIFT_VERSION = 5.0;
				TARGETED_DEVICE_FAMILY = "1,2";
			};
			name = Release;
		};
		FC188AF82FC3E3D700777EA3 /* Debug */ = {
			isa = XCBuildConfiguration;
			buildSettings = {
				ALWAYS_EMBED_SWIFT_STANDARD_LIBRARIES = YES;
				BUNDLE_LOADER = "$(TEST_HOST)";
				CODE_SIGN_STYLE = Automatic;
				CURRENT_PROJECT_VERSION = 1;
				DEVELOPMENT_TEAM = K78Q43DUKU;
				GENERATE_INFOPLIST_FILE = YES;
				IPHONEOS_DEPLOYMENT_TARGET = 15.2;
				MARKETING_VERSION = 1.0;
				PRODUCT_BUNDLE_IDENTIFIER = org.bitetheapple.TripWeatherTests;
				PRODUCT_NAME = "$(TARGET_NAME)";
				SWIFT_EMIT_LOC_STRINGS = NO;
				SWIFT_VERSION = 5.0;
				TARGETED_DEVICE_FAMILY = "1,2";
				TEST_HOST = "$(BUILT_PRODUCTS_DIR)/TripWeather.app/TripWeather";
			};
			name = Debug;
		};
		FC188AF92FC3E3D700777EA3 /* Release */ = {
			isa = XCBuildConfiguration;
			buildSettings = {
				ALWAYS_EMBED_SWIFT_STANDARD_LIBRARIES = YES;
				BUNDLE_LOADER = "$(TEST_HOST)";
				CODE_SIGN_STYLE = Automatic;
				CURRENT_PROJECT_VERSION = 1;
				DEVELOPMENT_TEAM = K78Q43DUKU;
				GENERATE_INFOPLIST_FILE = YES;
				IPHONEOS_DEPLOYMENT_TARGET = 15.2;
				MARKETING_VERSION = 1.0;
				PRODUCT_BUNDLE_IDENTIFIER = org.bitetheapple.TripWeatherTests;
				PRODUCT_NAME = "$(TARGET_NAME)";
				SWIFT_EMIT_LOC_STRINGS = NO;
				SWIFT_VERSION = 5.0;
				TARGETED_DEVICE_FAMILY = "1,2";
				TEST_HOST = "$(BUILT_PRODUCTS_DIR)/TripWeather.app/TripWeather";
			};
			name = Release;
		};
		FC188AFB2FC3E3D700777EA3 /* Debug */ = {
			isa = XCBuildConfiguration;
			buildSettings = {
				ALWAYS_EMBED_SWIFT_STANDARD_LIBRARIES = YES;
				CODE_SIGN_STYLE = Automatic;
				CURRENT_PROJECT_VERSION = 1;
				DEVELOPMENT_TEAM = K78Q43DUKU;
				GENERATE_INFOPLIST_FILE = YES;
				MARKETING_VERSION = 1.0;
				PRODUCT_BUNDLE_IDENTIFIER = org.bitetheapple.TripWeatherUITests;
				PRODUCT_NAME = "$(TARGET_NAME)";
				SWIFT_EMIT_LOC_STRINGS = NO;
				SWIFT_VERSION = 5.0;
				TARGETED_DEVICE_FAMILY = "1,2";
				TEST_TARGET_NAME = TripWeather;
			};
			name = Debug;
		};
		FC188AFC2FC3E3D700777EA3 /* Release */ = {
			isa = XCBuildConfiguration;
			buildSettings = {
				ALWAYS_EMBED_SWIFT_STANDARD_LIBRARIES = YES;
				CODE_SIGN_STYLE = Automatic;
				CURRENT_PROJECT_VERSION = 1;
				DEVELOPMENT_TEAM = K78Q43DUKU;
				GENERATE_INFOPLIST_FILE = YES;
				MARKETING_VERSION = 1.0;
				PRODUCT_BUNDLE_IDENTIFIER = org.bitetheapple.TripWeatherUITests;
				PRODUCT_NAME = "$(TARGET_NAME)";
				SWIFT_EMIT_LOC_STRINGS = NO;
				SWIFT_VERSION = 5.0;
				TARGETED_DEVICE_FAMILY = "1,2";
				TEST_TARGET_NAME = TripWeather;
			};
			name = Release;
		};
/* End XCBuildConfiguration section */

/* Begin XCConfigurationList section */
		FC188ACB2FC3E3D100777EA3 /* Build configuration list for PBXProject "TripWeather" */ = {
			isa = XCConfigurationList;
			buildConfigurations = (
				FC188AF22FC3E3D700777EA3 /* Debug */,
				FC188AF32FC3E3D700777EA3 /* Release */,
			);
			defaultConfigurationIsVisible = 0;
			defaultConfigurationName = Release;
		};
		FC188AF42FC3E3D700777EA3 /* Build configuration list for PBXNativeTarget "TripWeather" */ = {
			isa = XCConfigurationList;
			buildConfigurations = (
				FC188AF52FC3E3D700777EA3 /* Debug */,
				FC188AF62FC3E3D700777EA3 /* Release */,
			);
			defaultConfigurationIsVisible = 0;
			defaultConfigurationName = Release;
		};
		FC188AF72FC3E3D700777EA3 /* Build configuration list for PBXNativeTarget "TripWeatherTests" */ = {
			isa = XCConfigurationList;
			buildConfigurations = (
				FC188AF82FC3E3D700777EA3 /* Debug */,
				FC188AF92FC3E3D700777EA3 /* Release */,
			);
			defaultConfigurationIsVisible = 0;
			defaultConfigurationName = Release;
		};
		FC188AFA2FC3E3D700777EA3 /* Build configuration list for PBXNativeTarget "TripWeatherUITests" */ = {
			isa = XCConfigurationList;
			buildConfigurations = (
				FC188AFB2FC3E3D700777EA3 /* Debug */,
				FC188AFC2FC3E3D700777EA3 /* Release */,
			);
			defaultConfigurationIsVisible = 0;
			defaultConfigurationName = Release;
		};
/* End XCConfigurationList section */
	};
	rootObject = FC188AC82FC3E3D100777EA3 /* Project object */;
}
